
Microsoft Visual Studio Solution File, Format Version 12.00
# Visual Studio Version 17
VisualStudioVersion = 17.2.32630.192
MinimumVisualStudioVersion = 10.0.40219.1
Project("{9A19103F-16F7-4668-BE54-9A1E7A4F7556}") = "R5T.F0061", "R5T.F0061\R5T.F0061.csproj", "{9DAB326D-024C-4FFE-B8CF-F633E989F391}"
EndProject
Project("{2150E333-8FDC-42A3-9474-1A3956D46DE8}") = "_Dependencies", "_Dependencies", "{8B28CD7F-1BEA-436A-A03E-85DB87FEA9DF}"
EndProject
Project("{9A19103F-16F7-4668-BE54-9A1E7A4F7556}") = "R5T.T0132", "..\..\R5T.T0132\source\R5T.T0132\R5T.T0132.csproj", "{E3885387-28D3-4990-80D1-365B43CAA679}"
EndProject
Project("{9A19103F-16F7-4668-BE54-9A1E7A4F7556}") = "R5T.T0146", "..\..\R5T.T0146\source\R5T.T0146\R5T.T0146.csproj", "{BF357CE3-410A-4B71-9382-4978F3CE8AE1}"
EndProject
Project("{9A19103F-16F7-4668-BE54-9A1E7A4F7556}") = "R5T.F0033", "..\..\R5T.F0033\source\R5T.F0033\R5T.F0033.csproj", "{B55D9840-BA35-4E25-B55F-B2BF61A9EBCA}"
EndProject
Project("{9A19103F-16F7-4668-BE54-9A1E7A4F7556}") = "R5T.NG0006", "..\..\R5T.NG0006\source\R5T.NG0006\R5T.NG0006.csproj", "{87CB2B1C-1B3D-42D6-B0CE-8E446A8278FF}"
EndProject
Project("{9A19103F-16F7-4668-BE54-9A1E7A4F7556}") = "R5T.F0059", "..\..\R5T.F0059\source\R5T.F0059\R5T.F0059.csproj", "{D8937924-1A4A-4E46-8256-77E1BDED708A}"
EndProject
Global
	GlobalSection(SolutionConfigurationPlatforms) = preSolution
		Debug|Any CPU = Debug|Any CPU
		Release|Any CPU = Release|Any CPU
	EndGlobalSection
	GlobalSection(ProjectConfigurationPlatforms) = postSolution
		{9DAB326D-024C-4FFE-B8CF-F633E989F391}.Debug|Any CPU.ActiveCfg = Debug|Any CPU
		{9DAB326D-024C-4FFE-B8CF-F633E989F391}.Debug|Any CPU.Build.0 = Debug|Any CPU
		{9DAB326D-024C-4FFE-B8CF-F633E989F391}.Release|Any CPU.ActiveCfg = Release|Any CPU
		{9DAB326D-024C-4FFE-B8CF-F633E989F391}.Release|Any CPU.Build.0 = Release|Any CPU
		{E3885387-28D3-4990-80D1-365B43CAA679}.Debug|Any CPU.ActiveCfg = Debug|Any CPU
		{E3885387-28D3-4990-80D1-365B43CAA679}.Debug|Any CPU.Build.0 = Debug|Any CPU
		{E3885387-28D3-4990-80D1-365B43CAA679}.Release|Any CPU.ActiveCfg = Release|Any CPU
		{E3885387-28D3-4990-80D1-365B43CAA679}.Release|Any CPU.Build.0 = Release|Any CPU
		{BF357CE3-410A-4B71-9382-4978F3CE8AE1}.Debug|Any CPU.ActiveCfg = Debug|Any CPU
		{BF357CE3-410A-4B71-9382-4978F3CE8AE1}.Debug|Any CPU.Build.0 = Debug|Any CPU
		{BF357CE3-410A-4B71-9382-4978F3CE8AE1}.Release|Any CPU.ActiveCfg = Release|Any CPU
		{BF357CE3-410A-4B71-9382-4978F3CE8AE1}.Release|Any CPU.Build.0 = Release|Any CPU
		{B55D9840-BA35-4E25-B55F-B2BF61A9EBCA}.Debug|Any CPU.ActiveCfg = Debug|Any CPU
		{B55D9840-BA35-4E25-B55F-B2BF61A9EBCA}.Debug|Any CPU.Build.0 = Debug|Any CPU
		{B55D9840-BA35-4E25-B55F-B2BF61A9EBCA}.Release|Any CPU.ActiveCfg = Release|Any CPU
		{B55D9840-BA35-4E25-B55F-B2BF61A9EBCA}.Release|Any CPU.Build.0 = Release|Any CPU
		{87CB2B1C-1B3D-42D6-B0CE-8E446A8278FF}.Debug|Any CPU.ActiveCfg = Debug|Any CPU
		{87CB2B1C-1B3D-42D6-B0CE-8E446A8278FF}.Debug|Any CPU.Build.0 = Debug|Any CPU
		{87CB2B1C-1B3D-42D6-B0CE-8E446A8278FF}.Release|Any CPU.ActiveCfg = Release|Any CPU
		{87CB2B1C-1B3D-42D6-B0CE-8E446A8278FF}.Release|Any CPU.Build.0 = Release|Any CPU
		{D8937924-1A4A-4E46-8256-77E1BDED708A}.Debug|Any CPU.ActiveCfg = Debug|Any CPU
		{D8937924-1A4A-4E46-8256-77E1BDED708A}.Debug|Any CPU.Build.0 = Debug|Any CPU
		{D8937924-1A4A-4E46-8256-77E1BDED708A}.Release|Any CPU.ActiveCfg = Release|Any CPU
		{D8937924-1A4A-4E46-8256-77E1BDED708A}.Release|Any CPU.Build.0 = Release|Any CPU
	EndGlobalSection
	GlobalSection(SolutionProperties) = preSolution
		HideSolutionNode = FALSE
	EndGlobalSection
	GlobalSection(NestedProjects) = preSolution
		{E3885387-28D3-4990-80D1-365B43CAA679} = {8B28CD7F-1BEA-436A-A03E-85DB87FEA9DF}
		{BF357CE3-410A-4B71-9382-4978F3CE8AE1} = {8B28CD7F-1BEA-436A-A03E-85DB87FEA9DF}
		{B55D9840-BA35-4E25-B55F-B2BF61A9EBCA} = {8B28CD7F-1BEA-436A-A03E-85DB87FEA9DF}
		{87CB2B1C-1B3D-42D6-B0CE-8E446A8278FF} = {8B28CD7F-1BEA-436A-A03E-85DB87FEA9DF}
		{D8937924-1A4A-4E46-8256-77E1BDED708A} = {8B28CD7F-1BEA-436A-A03E-85DB87FEA9DF}
	EndGlobalSection
	GlobalSection(ExtensibilityGlobals) = postSolution
		SolutionGuid = {7F84AC24-C607-483E-A3B3-292D82348537}
	EndGlobalSection
EndGlobal
