
Microsoft Visual Studio Solution File, Format Version 12.00
# Visual Studio Version 17
VisualStudioVersion = 17.2.32630.192
MinimumVisualStudioVersion = 10.0.40219.1
Project("{9A19103F-16F7-4668-BE54-9A1E7A4F7556}") = "R5T.F0061.Construction", "R5T.F0061.Construction\R5T.F0061.Construction.csproj", "{98423504-40BF-4E5E-9C29-7CF43AEAEDC6}"
EndProject
Project("{9A19103F-16F7-4668-BE54-9A1E7A4F7556}") = "R5T.F0061", "R5T.F0061\R5T.F0061.csproj", "{862BB194-827D-46DD-884F-A75452CC6F98}"
EndProject
Project("{2150E333-8FDC-42A3-9474-1A3956D46DE8}") = "_Dependencies", "_Dependencies", "{505DB375-4D7B-4DCE-A14E-8D54C9E2CF7A}"
EndProject
Project("{9A19103F-16F7-4668-BE54-9A1E7A4F7556}") = "R5T.F0000", "..\..\R5T.F0000\source\R5T.F0000\R5T.F0000.csproj", "{1359C306-91FE-46DF-9E6C-20B78BAF9A6F}"
EndProject
Project("{9A19103F-16F7-4668-BE54-9A1E7A4F7556}") = "R5T.F0002", "..\..\R5T.F0002\source\R5T.F0002\R5T.F0002.csproj", "{1D2DC119-A1A0-42D7-A21E-75AA085756C3}"
EndProject
Project("{9A19103F-16F7-4668-BE54-9A1E7A4F7556}") = "R5T.F0032", "..\..\R5T.F0032\source\R5T.F0032\R5T.F0032.csproj", "{D95068C5-95BD-4615-9AD1-2B6F942CFEF4}"
EndProject
Project("{9A19103F-16F7-4668-BE54-9A1E7A4F7556}") = "R5T.F0033", "..\..\R5T.F0033\source\R5T.F0033\R5T.F0033.csproj", "{0AFF37F7-A8A1-4896-A802-51EB0C32101A}"
EndProject
Project("{9A19103F-16F7-4668-BE54-9A1E7A4F7556}") = "R5T.F0059", "..\..\R5T.F0059\source\R5T.F0059\R5T.F0059.csproj", "{DBC4963F-CF4F-4167-A103-E7D081CC44A0}"
EndProject
Project("{9A19103F-16F7-4668-BE54-9A1E7A4F7556}") = "R5T.NG0006", "..\..\R5T.NG0006\source\R5T.NG0006\R5T.NG0006.csproj", "{D6C9B07D-736E-4B89-845F-3744A4CF71D3}"
EndProject
Project("{9A19103F-16F7-4668-BE54-9A1E7A4F7556}") = "R5T.NG0008", "..\..\R5T.NG0008\source\R5T.NG0008\R5T.NG0008.csproj", "{B80D312C-7D2A-49AA-89F3-EB5C75ABF161}"
EndProject
Project("{9A19103F-16F7-4668-BE54-9A1E7A4F7556}") = "R5T.T0131", "..\..\R5T.T0131\source\R5T.T0131\R5T.T0131.csproj", "{314C641F-DB33-4F5D-BD26-BB7BF72A087A}"
EndProject
Project("{9A19103F-16F7-4668-BE54-9A1E7A4F7556}") = "R5T.T0132", "..\..\R5T.T0132\source\R5T.T0132\R5T.T0132.csproj", "{11BBEDD1-2E74-43B4-B51A-AA86A42BA5AB}"
EndProject
Project("{9A19103F-16F7-4668-BE54-9A1E7A4F7556}") = "R5T.T0142", "..\..\R5T.T0142\source\R5T.T0142\R5T.T0142.csproj", "{5612282C-2B35-4BB2-BB75-82818CDD138B}"
EndProject
Project("{9A19103F-16F7-4668-BE54-9A1E7A4F7556}") = "R5T.T0143", "..\..\R5T.T0143\source\R5T.T0143\R5T.T0143.csproj", "{309E4F2E-95E6-4B8A-896E-083B78641A25}"
EndProject
Project("{9A19103F-16F7-4668-BE54-9A1E7A4F7556}") = "R5T.T0146", "..\..\R5T.T0146\source\R5T.T0146\R5T.T0146.csproj", "{D9D2CC00-3D15-44BE-A54A-D34554CFF131}"
EndProject
Project("{9A19103F-16F7-4668-BE54-9A1E7A4F7556}") = "R5T.Y0000", "..\..\R5T.Y0000\source\R5T.Y0000\R5T.Y0000.csproj", "{89042D9A-6A12-4711-8B9C-DB923AE08E9A}"
EndProject
Project("{9A19103F-16F7-4668-BE54-9A1E7A4F7556}") = "R5T.Z0000", "..\..\R5T.Z0000\source\R5T.Z0000\R5T.Z0000.csproj", "{F3EF62F0-C041-4CED-A3B6-A74D36F51865}"
EndProject
Project("{9A19103F-16F7-4668-BE54-9A1E7A4F7556}") = "R5T.Z0015", "..\..\R5T.Z0015\source\R5T.Z0015\R5T.Z0015.csproj", "{0FD6F33E-2481-4199-AC58-C10F60ADE9C9}"
EndProject
Global
	GlobalSection(NestedProjects) = preSolution
		{1359C306-91FE-46DF-9E6C-20B78BAF9A6F} = {505DB375-4D7B-4DCE-A14E-8D54C9E2CF7A}
		{1D2DC119-A1A0-42D7-A21E-75AA085756C3} = {505DB375-4D7B-4DCE-A14E-8D54C9E2CF7A}
		{D95068C5-95BD-4615-9AD1-2B6F942CFEF4} = {505DB375-4D7B-4DCE-A14E-8D54C9E2CF7A}
		{0AFF37F7-A8A1-4896-A802-51EB0C32101A} = {505DB375-4D7B-4DCE-A14E-8D54C9E2CF7A}
		{DBC4963F-CF4F-4167-A103-E7D081CC44A0} = {505DB375-4D7B-4DCE-A14E-8D54C9E2CF7A}
		{D6C9B07D-736E-4B89-845F-3744A4CF71D3} = {505DB375-4D7B-4DCE-A14E-8D54C9E2CF7A}
		{B80D312C-7D2A-49AA-89F3-EB5C75ABF161} = {505DB375-4D7B-4DCE-A14E-8D54C9E2CF7A}
		{314C641F-DB33-4F5D-BD26-BB7BF72A087A} = {505DB375-4D7B-4DCE-A14E-8D54C9E2CF7A}
		{11BBEDD1-2E74-43B4-B51A-AA86A42BA5AB} = {505DB375-4D7B-4DCE-A14E-8D54C9E2CF7A}
		{5612282C-2B35-4BB2-BB75-82818CDD138B} = {505DB375-4D7B-4DCE-A14E-8D54C9E2CF7A}
		{309E4F2E-95E6-4B8A-896E-083B78641A25} = {505DB375-4D7B-4DCE-A14E-8D54C9E2CF7A}
		{D9D2CC00-3D15-44BE-A54A-D34554CFF131} = {505DB375-4D7B-4DCE-A14E-8D54C9E2CF7A}
		{89042D9A-6A12-4711-8B9C-DB923AE08E9A} = {505DB375-4D7B-4DCE-A14E-8D54C9E2CF7A}
		{F3EF62F0-C041-4CED-A3B6-A74D36F51865} = {505DB375-4D7B-4DCE-A14E-8D54C9E2CF7A}
		{0FD6F33E-2481-4199-AC58-C10F60ADE9C9} = {505DB375-4D7B-4DCE-A14E-8D54C9E2CF7A}
	EndGlobalSection
	GlobalSection(SolutionConfigurationPlatforms) = preSolution
		Debug|Any CPU = Debug|Any CPU
		Release|Any CPU = Release|Any CPU
	EndGlobalSection
	GlobalSection(ProjectConfigurationPlatforms) = postSolution
		{98423504-40BF-4E5E-9C29-7CF43AEAEDC6}.Debug|Any CPU.ActiveCfg = Debug|Any CPU
		{98423504-40BF-4E5E-9C29-7CF43AEAEDC6}.Debug|Any CPU.Build.0 = Debug|Any CPU
		{98423504-40BF-4E5E-9C29-7CF43AEAEDC6}.Release|Any CPU.ActiveCfg = Release|Any CPU
		{98423504-40BF-4E5E-9C29-7CF43AEAEDC6}.Release|Any CPU.Build.0 = Release|Any CPU
		{862BB194-827D-46DD-884F-A75452CC6F98}.Debug|Any CPU.ActiveCfg = Debug|Any CPU
		{862BB194-827D-46DD-884F-A75452CC6F98}.Debug|Any CPU.Build.0 = Debug|Any CPU
		{862BB194-827D-46DD-884F-A75452CC6F98}.Release|Any CPU.ActiveCfg = Release|Any CPU
		{862BB194-827D-46DD-884F-A75452CC6F98}.Release|Any CPU.Build.0 = Release|Any CPU
		{1359C306-91FE-46DF-9E6C-20B78BAF9A6F}.Debug|Any CPU.ActiveCfg = Debug|Any CPU
		{1359C306-91FE-46DF-9E6C-20B78BAF9A6F}.Debug|Any CPU.Build.0 = Debug|Any CPU
		{1359C306-91FE-46DF-9E6C-20B78BAF9A6F}.Release|Any CPU.ActiveCfg = Release|Any CPU
		{1359C306-91FE-46DF-9E6C-20B78BAF9A6F}.Release|Any CPU.Build.0 = Release|Any CPU
		{1D2DC119-A1A0-42D7-A21E-75AA085756C3}.Debug|Any CPU.ActiveCfg = Debug|Any CPU
		{1D2DC119-A1A0-42D7-A21E-75AA085756C3}.Debug|Any CPU.Build.0 = Debug|Any CPU
		{1D2DC119-A1A0-42D7-A21E-75AA085756C3}.Release|Any CPU.ActiveCfg = Release|Any CPU
		{1D2DC119-A1A0-42D7-A21E-75AA085756C3}.Release|Any CPU.Build.0 = Release|Any CPU
		{D95068C5-95BD-4615-9AD1-2B6F942CFEF4}.Debug|Any CPU.ActiveCfg = Debug|Any CPU
		{D95068C5-95BD-4615-9AD1-2B6F942CFEF4}.Debug|Any CPU.Build.0 = Debug|Any CPU
		{D95068C5-95BD-4615-9AD1-2B6F942CFEF4}.Release|Any CPU.ActiveCfg = Release|Any CPU
		{D95068C5-95BD-4615-9AD1-2B6F942CFEF4}.Release|Any CPU.Build.0 = Release|Any CPU
		{0AFF37F7-A8A1-4896-A802-51EB0C32101A}.Debug|Any CPU.ActiveCfg = Debug|Any CPU
		{0AFF37F7-A8A1-4896-A802-51EB0C32101A}.Debug|Any CPU.Build.0 = Debug|Any CPU
		{0AFF37F7-A8A1-4896-A802-51EB0C32101A}.Release|Any CPU.ActiveCfg = Release|Any CPU
		{0AFF37F7-A8A1-4896-A802-51EB0C32101A}.Release|Any CPU.Build.0 = Release|Any CPU
		{DBC4963F-CF4F-4167-A103-E7D081CC44A0}.Debug|Any CPU.ActiveCfg = Debug|Any CPU
		{DBC4963F-CF4F-4167-A103-E7D081CC44A0}.Debug|Any CPU.Build.0 = Debug|Any CPU
		{DBC4963F-CF4F-4167-A103-E7D081CC44A0}.Release|Any CPU.ActiveCfg = Release|Any CPU
		{DBC4963F-CF4F-4167-A103-E7D081CC44A0}.Release|Any CPU.Build.0 = Release|Any CPU
		{D6C9B07D-736E-4B89-845F-3744A4CF71D3}.Debug|Any CPU.ActiveCfg = Debug|Any CPU
		{D6C9B07D-736E-4B89-845F-3744A4CF71D3}.Debug|Any CPU.Build.0 = Debug|Any CPU
		{D6C9B07D-736E-4B89-845F-3744A4CF71D3}.Release|Any CPU.ActiveCfg = Release|Any CPU
		{D6C9B07D-736E-4B89-845F-3744A4CF71D3}.Release|Any CPU.Build.0 = Release|Any CPU
		{B80D312C-7D2A-49AA-89F3-EB5C75ABF161}.Debug|Any CPU.ActiveCfg = Debug|Any CPU
		{B80D312C-7D2A-49AA-89F3-EB5C75ABF161}.Debug|Any CPU.Build.0 = Debug|Any CPU
		{B80D312C-7D2A-49AA-89F3-EB5C75ABF161}.Release|Any CPU.ActiveCfg = Release|Any CPU
		{B80D312C-7D2A-49AA-89F3-EB5C75ABF161}.Release|Any CPU.Build.0 = Release|Any CPU
		{314C641F-DB33-4F5D-BD26-BB7BF72A087A}.Debug|Any CPU.ActiveCfg = Debug|Any CPU
		{314C641F-DB33-4F5D-BD26-BB7BF72A087A}.Debug|Any CPU.Build.0 = Debug|Any CPU
		{314C641F-DB33-4F5D-BD26-BB7BF72A087A}.Release|Any CPU.ActiveCfg = Release|Any CPU
		{314C641F-DB33-4F5D-BD26-BB7BF72A087A}.Release|Any CPU.Build.0 = Release|Any CPU
		{11BBEDD1-2E74-43B4-B51A-AA86A42BA5AB}.Debug|Any CPU.ActiveCfg = Debug|Any CPU
		{11BBEDD1-2E74-43B4-B51A-AA86A42BA5AB}.Debug|Any CPU.Build.0 = Debug|Any CPU
		{11BBEDD1-2E74-43B4-B51A-AA86A42BA5AB}.Release|Any CPU.ActiveCfg = Release|Any CPU
		{11BBEDD1-2E74-43B4-B51A-AA86A42BA5AB}.Release|Any CPU.Build.0 = Release|Any CPU
		{5612282C-2B35-4BB2-BB75-82818CDD138B}.Debug|Any CPU.ActiveCfg = Debug|Any CPU
		{5612282C-2B35-4BB2-BB75-82818CDD138B}.Debug|Any CPU.Build.0 = Debug|Any CPU
		{5612282C-2B35-4BB2-BB75-82818CDD138B}.Release|Any CPU.ActiveCfg = Release|Any CPU
		{5612282C-2B35-4BB2-BB75-82818CDD138B}.Release|Any CPU.Build.0 = Release|Any CPU
		{309E4F2E-95E6-4B8A-896E-083B78641A25}.Debug|Any CPU.ActiveCfg = Debug|Any CPU
		{309E4F2E-95E6-4B8A-896E-083B78641A25}.Debug|Any CPU.Build.0 = Debug|Any CPU
		{309E4F2E-95E6-4B8A-896E-083B78641A25}.Release|Any CPU.ActiveCfg = Release|Any CPU
		{309E4F2E-95E6-4B8A-896E-083B78641A25}.Release|Any CPU.Build.0 = Release|Any CPU
		{D9D2CC00-3D15-44BE-A54A-D34554CFF131}.Debug|Any CPU.ActiveCfg = Debug|Any CPU
		{D9D2CC00-3D15-44BE-A54A-D34554CFF131}.Debug|Any CPU.Build.0 = Debug|Any CPU
		{D9D2CC00-3D15-44BE-A54A-D34554CFF131}.Release|Any CPU.ActiveCfg = Release|Any CPU
		{D9D2CC00-3D15-44BE-A54A-D34554CFF131}.Release|Any CPU.Build.0 = Release|Any CPU
		{89042D9A-6A12-4711-8B9C-DB923AE08E9A}.Debug|Any CPU.ActiveCfg = Debug|Any CPU
		{89042D9A-6A12-4711-8B9C-DB923AE08E9A}.Debug|Any CPU.Build.0 = Debug|Any CPU
		{89042D9A-6A12-4711-8B9C-DB923AE08E9A}.Release|Any CPU.ActiveCfg = Release|Any CPU
		{89042D9A-6A12-4711-8B9C-DB923AE08E9A}.Release|Any CPU.Build.0 = Release|Any CPU
		{F3EF62F0-C041-4CED-A3B6-A74D36F51865}.Debug|Any CPU.ActiveCfg = Debug|Any CPU
		{F3EF62F0-C041-4CED-A3B6-A74D36F51865}.Debug|Any CPU.Build.0 = Debug|Any CPU
		{F3EF62F0-C041-4CED-A3B6-A74D36F51865}.Release|Any CPU.ActiveCfg = Release|Any CPU
		{F3EF62F0-C041-4CED-A3B6-A74D36F51865}.Release|Any CPU.Build.0 = Release|Any CPU
		{0FD6F33E-2481-4199-AC58-C10F60ADE9C9}.Debug|Any CPU.ActiveCfg = Debug|Any CPU
		{0FD6F33E-2481-4199-AC58-C10F60ADE9C9}.Debug|Any CPU.Build.0 = Debug|Any CPU
		{0FD6F33E-2481-4199-AC58-C10F60ADE9C9}.Release|Any CPU.ActiveCfg = Release|Any CPU
		{0FD6F33E-2481-4199-AC58-C10F60ADE9C9}.Release|Any CPU.Build.0 = Release|Any CPU
	EndGlobalSection
	GlobalSection(SolutionProperties) = preSolution
		HideSolutionNode = FALSE
	EndGlobalSection
	GlobalSection(ExtensibilityGlobals) = postSolution
		SolutionGuid = {05EB7614-B9A1-4699-A927-BFBD44EFD051}
	EndGlobalSection
EndGlobal
